
Microsoft Visual Studio Solution File, Format Version 12.00
# Visual Studio Version 17
VisualStudioVersion = 17.0.31903.59
MinimumVisualStudioVersion = 10.0.40219.1
Project("{2150E333-8FDC-42A3-9474-1A3956D46DE8}") = "src", "src", "{827E0CD3-B72D-47B6-A68D-7590B98EB39B}"
EndProject
Project("{FAE04EC0-301F-11D3-BF4B-00C04F79EFBC}") = "ShipManagement.API", "src\ShipManagement.API\ShipManagement.API.csproj", "{0187F729-869A-4678-AD28-3AEB95E3294C}"
EndProject
Project("{FAE04EC0-301F-11D3-BF4B-00C04F79EFBC}") = "ShipManagement.Core", "src\ShipManagement.Core\ShipManagement.Core.csproj", "{2892B40A-3808-4E5B-B3EC-17993EC2044C}"
EndProject
Project("{FAE04EC0-301F-11D3-BF4B-00C04F79EFBC}") = "ShipManagement.Infrastructure", "src\ShipManagement.Infrastructure\ShipManagement.Infrastructure.csproj", "{027C09C4-BF33-485A-B80E-BA443B901A90}"
EndProject
Project("{2150E333-8FDC-42A3-9474-1A3956D46DE8}") = "tests", "tests", "{0AB3BF05-4346-4AA6-1389-037BE0695223}"
EndProject
Project("{FAE04EC0-301F-11D3-BF4B-00C04F79EFBC}") = "ShipManagement.Tests", "tests\ShipManagement.Tests\ShipManagement.Tests.csproj", "{C1457296-1810-4361-BD57-026F702CD791}"
EndProject
Global
	GlobalSection(SolutionConfigurationPlatforms) = preSolution
		Debug|Any CPU = Debug|Any CPU
		Debug|x64 = Debug|x64
		Debug|x86 = Debug|x86
		Release|Any CPU = Release|Any CPU
		Release|x64 = Release|x64
		Release|x86 = Release|x86
	EndGlobalSection
	GlobalSection(ProjectConfigurationPlatforms) = postSolution
		{0187F729-869A-4678-AD28-3AEB95E3294C}.Debug|Any CPU.ActiveCfg = Debug|Any CPU
		{0187F729-869A-4678-AD28-3AEB95E3294C}.Debug|Any CPU.Build.0 = Debug|Any CPU
		{0187F729-869A-4678-AD28-3AEB95E3294C}.Debug|x64.ActiveCfg = Debug|Any CPU
		{0187F729-869A-4678-AD28-3AEB95E3294C}.Debug|x64.Build.0 = Debug|Any CPU
		{0187F729-869A-4678-AD28-3AEB95E3294C}.Debug|x86.ActiveCfg = Debug|Any CPU
		{0187F729-869A-4678-AD28-3AEB95E3294C}.Debug|x86.Build.0 = Debug|Any CPU
		{0187F729-869A-4678-AD28-3AEB95E3294C}.Release|Any CPU.ActiveCfg = Release|Any CPU
		{0187F729-869A-4678-AD28-3AEB95E3294C}.Release|Any CPU.Build.0 = Release|Any CPU
		{0187F729-869A-4678-AD28-3AEB95E3294C}.Release|x64.ActiveCfg = Release|Any CPU
		{0187F729-869A-4678-AD28-3AEB95E3294C}.Release|x64.Build.0 = Release|Any CPU
		{0187F729-869A-4678-AD28-3AEB95E3294C}.Release|x86.ActiveCfg = Release|Any CPU
		{0187F729-869A-4678-AD28-3AEB95E3294C}.Release|x86.Build.0 = Release|Any CPU
		{2892B40A-3808-4E5B-B3EC-17993EC2044C}.Debug|Any CPU.ActiveCfg = Debug|Any CPU
		{2892B40A-3808-4E5B-B3EC-17993EC2044C}.Debug|Any CPU.Build.0 = Debug|Any CPU
		{2892B40A-3808-4E5B-B3EC-17993EC2044C}.Debug|x64.ActiveCfg = Debug|Any CPU
		{2892B40A-3808-4E5B-B3EC-17993EC2044C}.Debug|x64.Build.0 = Debug|Any CPU
		{2892B40A-3808-4E5B-B3EC-17993EC2044C}.Debug|x86.ActiveCfg = Debug|Any CPU
		{2892B40A-3808-4E5B-B3EC-17993EC2044C}.Debug|x86.Build.0 = Debug|Any CPU
		{2892B40A-3808-4E5B-B3EC-17993EC2044C}.Release|Any CPU.ActiveCfg = Release|Any CPU
		{2892B40A-3808-4E5B-B3EC-17993EC2044C}.Release|Any CPU.Build.0 = Release|Any CPU
		{2892B40A-3808-4E5B-B3EC-17993EC2044C}.Release|x64.ActiveCfg = Release|Any CPU
		{2892B40A-3808-4E5B-B3EC-17993EC2044C}.Release|x64.Build.0 = Release|Any CPU
		{2892B40A-3808-4E5B-B3EC-17993EC2044C}.Release|x86.ActiveCfg = Release|Any CPU
		{2892B40A-3808-4E5B-B3EC-17993EC2044C}.Release|x86.Build.0 = Release|Any CPU
		{027C09C4-BF33-485A-B80E-BA443B901A90}.Debug|Any CPU.ActiveCfg = Debug|Any CPU
		{027C09C4-BF33-485A-B80E-BA443B901A90}.Debug|Any CPU.Build.0 = Debug|Any CPU
		{027C09C4-BF33-485A-B80E-BA443B901A90}.Debug|x64.ActiveCfg = Debug|Any CPU
		{027C09C4-BF33-485A-B80E-BA443B901A90}.Debug|x64.Build.0 = Debug|Any CPU
		{027C09C4-BF33-485A-B80E-BA443B901A90}.Debug|x86.ActiveCfg = Debug|Any CPU
		{027C09C4-BF33-485A-B80E-BA443B901A90}.Debug|x86.Build.0 = Debug|Any CPU
		{027C09C4-BF33-485A-B80E-BA443B901A90}.Release|Any CPU.ActiveCfg = Release|Any CPU
		{027C09C4-BF33-485A-B80E-BA443B901A90}.Release|Any CPU.Build.0 = Release|Any CPU
		{027C09C4-BF33-485A-B80E-BA443B901A90}.Release|x64.ActiveCfg = Release|Any CPU
		{027C09C4-BF33-485A-B80E-BA443B901A90}.Release|x64.Build.0 = Release|Any CPU
		{027C09C4-BF33-485A-B80E-BA443B901A90}.Release|x86.ActiveCfg = Release|Any CPU
		{027C09C4-BF33-485A-B80E-BA443B901A90}.Release|x86.Build.0 = Release|Any CPU
		{C1457296-1810-4361-BD57-026F702CD791}.Debug|Any CPU.ActiveCfg = Debug|Any CPU
		{C1457296-1810-4361-BD57-026F702CD791}.Debug|Any CPU.Build.0 = Debug|Any CPU
		{C1457296-1810-4361-BD57-026F702CD791}.Debug|x64.ActiveCfg = Debug|Any CPU
		{C1457296-1810-4361-BD57-026F702CD791}.Debug|x64.Build.0 = Debug|Any CPU
		{C1457296-1810-4361-BD57-026F702CD791}.Debug|x86.ActiveCfg = Debug|Any CPU
		{C1457296-1810-4361-BD57-026F702CD791}.Debug|x86.Build.0 = Debug|Any CPU
		{C1457296-1810-4361-BD57-026F702CD791}.Release|Any CPU.ActiveCfg = Release|Any CPU
		{C1457296-1810-4361-BD57-026F702CD791}.Release|Any CPU.Build.0 = Release|Any CPU
		{C1457296-1810-4361-BD57-026F702CD791}.Release|x64.ActiveCfg = Release|Any CPU
		{C1457296-1810-4361-BD57-026F702CD791}.Release|x64.Build.0 = Release|Any CPU
		{C1457296-1810-4361-BD57-026F702CD791}.Release|x86.ActiveCfg = Release|Any CPU
		{C1457296-1810-4361-BD57-026F702CD791}.Release|x86.Build.0 = Release|Any CPU
	EndGlobalSection
	GlobalSection(SolutionProperties) = preSolution
		HideSolutionNode = FALSE
	EndGlobalSection
	GlobalSection(NestedProjects) = preSolution
		{0187F729-869A-4678-AD28-3AEB95E3294C} = {827E0CD3-B72D-47B6-A68D-7590B98EB39B}
		{2892B40A-3808-4E5B-B3EC-17993EC2044C} = {827E0CD3-B72D-47B6-A68D-7590B98EB39B}
		{027C09C4-BF33-485A-B80E-BA443B901A90} = {827E0CD3-B72D-47B6-A68D-7590B98EB39B}
		{C1457296-1810-4361-BD57-026F702CD791} = {0AB3BF05-4346-4AA6-1389-037BE0695223}
	EndGlobalSection
EndGlobal
